<?xml version="1.0" encoding="utf-8"?>
<Project ToolsVersion="4.0" xmlns="http://schemas.microsoft.com/developer/msbuild/2003">
  <ItemGroup>
    <Filter Include="Fichiers sources">
      <UniqueIdentifier>{4FC737F1-C7A5-4376-A066-2A32D752A2FF}</UniqueIdentifier>
      <Extensions>cpp;c;cc;cxx;def;odl;idl;hpj;bat;asm;asmx</Extensions>
    </Filter>
    <Filter Include="Fichiers d%27en-tête">
      <UniqueIdentifier>{93995380-89BD-4b04-88EB-625FBE52EBFB}</UniqueIdentifier>
      <Extensions>h;hpp;hxx;hm;inl;inc;xsd</Extensions>
    </Filter>
    <Filter Include="Fichiers de ressources">
      <UniqueIdentifier>{67DA6AB6-F800-4c08-8B7A-83BB121AAD01}</UniqueIdentifier>
      <Extensions>rc;ico;cur;bmp;dlg;rc2;rct;bin;rgs;gif;jpg;jpeg;jpe;resx;tiff;tif;png;wav;mfcribbon-ms</Extensions>
    </Filter>
    <Filter Include="Fichiers d%27en-tête\Objets">
      <UniqueIdentifier>{bbe8cd21-bc42-4cae-9f28-a03ee646b832}</UniqueIdentifier>
    </Filter>
    <Filter Include="Fichiers sources\Objets">
      <UniqueIdentifier>{7c3cfd97-a112-47a4-a80b-8da6fec3155d}</UniqueIdentifier>
    </Filter>
    <Filter Include="Fichiers de ressources\Sprites">
      <UniqueIdentifier>{d7f77f88-8c03-4e1c-aea2-0941bd565d2d}</UniqueIdentifier>
    </Filter>
    <Filter Include="Fichiers de ressources\Fonts">
      <UniqueIdentifier>{51ac8d8a-a6d0-4f3e-af3b-4651e625a78e}</UniqueIdentifier>
    </Filter>
  </ItemGroup>
  <ItemGroup>
    <ClCompile Include="game.cpp">
      <Filter>Fichiers sources</Filter>
    </ClCompile>
    <ClCompile Include="main.cpp">
      <Filter>Fichiers sources</Filter>
    </ClCompile>
    <ClCompile Include="sceneJeu.cpp">
      <Filter>Fichiers sources</Filter>
    </ClCompile>
    <ClCompile Include="sceneTitre.cpp">
      <Filter>Fichiers sources</Filter>
    </ClCompile>
    <ClCompile Include="client.cpp">
      <Filter>Fichiers sources</Filter>
    </ClCompile>
    <ClCompile Include="gestionnaieDeCommunication.cpp">
      <Filter>Fichiers sources</Filter>
    </ClCompile>
    <ClCompile Include="gameObject.cpp">
      <Filter>Fichiers sources\Objets</Filter>
    </ClCompile>
    <ClCompile Include="movable.cpp">
      <Filter>Fichiers sources\Objets</Filter>
    </ClCompile>
    <ClCompile Include="square.cpp">
      <Filter>Fichiers sources\Objets</Filter>
    </ClCompile>
    <ClCompile Include="joueur.cpp">
      <Filter>Fichiers sources\Objets</Filter>
    </ClCompile>
    <ClCompile Include="other.cpp">
      <Filter>Fichiers sources\Objets</Filter>
    </ClCompile>
    <ClCompile Include="commandBuffer.cpp">
      <Filter>Fichiers sources</Filter>
    </ClCompile>
    <ClCompile Include="commands.cpp">
      <Filter>Fichiers sources</Filter>
    </ClCompile>
    <ClCompile Include="bulleParole.cpp">
      <Filter>Fichiers sources\Objets</Filter>
    </ClCompile>
    <ClCompile Include="textbox.cpp">
      <Filter>Fichiers sources</Filter>
    </ClCompile>
    <ClCompile Include="chat.cpp">
      <Filter>Fichiers sources\Objets</Filter>
    </ClCompile>
  </ItemGroup>
  <ItemGroup>
    <ClInclude Include="game.h">
      <Filter>Fichiers d%27en-tête</Filter>
    </ClInclude>
    <ClInclude Include="scene.h">
      <Filter>Fichiers d%27en-tête</Filter>
    </ClInclude>
    <ClInclude Include="sceneJeu.h">
      <Filter>Fichiers d%27en-tête</Filter>
    </ClInclude>
    <ClInclude Include="sceneTitre.h">
      <Filter>Fichiers d%27en-tête</Filter>
    </ClInclude>
    <ClInclude Include="client.h">
      <Filter>Fichiers d%27en-tête</Filter>
    </ClInclude>
    <ClInclude Include="gestionnaireDeCommunication.h">
      <Filter>Fichiers d%27en-tête</Filter>
    </ClInclude>
    <ClInclude Include="gameObject.h">
      <Filter>Fichiers d%27en-tête\Objets</Filter>
    </ClInclude>
    <ClInclude Include="movable.h">
      <Filter>Fichiers d%27en-tête\Objets</Filter>
    </ClInclude>
    <ClInclude Include="square.h">
      <Filter>Fichiers d%27en-tête\Objets</Filter>
    </ClInclude>
    <ClInclude Include="other.h">
      <Filter>Fichiers d%27en-tête\Objets</Filter>
    </ClInclude>
    <ClInclude Include="commandBuffer.h">
      <Filter>Fichiers d%27en-tête</Filter>
    </ClInclude>
    <ClInclude Include="commands.h">
      <Filter>Fichiers d%27en-tête</Filter>
    </ClInclude>
    <ClInclude Include="bulleParole.h">
      <Filter>Fichiers d%27en-tête\Objets</Filter>
    </ClInclude>
    <ClInclude Include="textbox.h">
      <Filter>Fichiers d%27en-tête</Filter>
    </ClInclude>
    <ClInclude Include="chat.h">
      <Filter>Fichiers d%27en-tête\Objets</Filter>
    </ClInclude>
    <ClInclude Include="joueur.h">
      <Filter>Fichiers d%27en-tête</Filter>
    </ClInclude>
  </ItemGroup>
  <ItemGroup>
    <Font Include="Ressources\Fonts\vcr.ttf">
      <Filter>Fichiers de ressources\Fonts</Filter>
    </Font>
  </ItemGroup>
  <ItemGroup>
    <Image Include="Ressources\Sprites\background.png">
      <Filter>Fichiers de ressources\Sprites</Filter>
    </Image>
    <Image Include="Ressources\Sprites\icon.png">
      <Filter>Fichiers de ressources\Sprites</Filter>
    </Image>
  </ItemGroup>
</Project>